
Microsoft Visual Studio Solution File, Format Version 12.00
# Visual Studio Version 16
VisualStudioVersion = 16.0.31624.102
MinimumVisualStudioVersion = 10.0.40219.1
Project("{9A19103F-16F7-4668-BE54-9A1E7A4F7556}") = "ConsoleReaderFromRSS", "ConsoleReaderFromRSS\ConsoleReaderFromRSS.csproj", "{11A6482B-562A-4160-AE69-2DBC1A0265A0}"
EndProject
Project("{FAE04EC0-301F-11D3-BF4B-00C04F79EFBC}") = "AppWebReaderFromRSS", "AppWebReaderFromRSS\AppWebReaderFromRSS.csproj", "{E47DDB2B-0294-4F2E-B0BB-77A75ACC83F6}"
EndProject
Global
	GlobalSection(SolutionConfigurationPlatforms) = preSolution
		Debug|Any CPU = Debug|Any CPU
		Release|Any CPU = Release|Any CPU
	EndGlobalSection
	GlobalSection(ProjectConfigurationPlatforms) = postSolution
		{11A6482B-562A-4160-AE69-2DBC1A0265A0}.Debug|Any CPU.ActiveCfg = Debug|Any CPU
		{11A6482B-562A-4160-AE69-2DBC1A0265A0}.Debug|Any CPU.Build.0 = Debug|Any CPU
		{11A6482B-562A-4160-AE69-2DBC1A0265A0}.Release|Any CPU.ActiveCfg = Release|Any CPU
		{11A6482B-562A-4160-AE69-2DBC1A0265A0}.Release|Any CPU.Build.0 = Release|Any CPU
		{E47DDB2B-0294-4F2E-B0BB-77A75ACC83F6}.Debug|Any CPU.ActiveCfg = Debug|Any CPU
		{E47DDB2B-0294-4F2E-B0BB-77A75ACC83F6}.Debug|Any CPU.Build.0 = Debug|Any CPU
		{E47DDB2B-0294-4F2E-B0BB-77A75ACC83F6}.Release|Any CPU.ActiveCfg = Release|Any CPU
		{E47DDB2B-0294-4F2E-B0BB-77A75ACC83F6}.Release|Any CPU.Build.0 = Release|Any CPU
	EndGlobalSection
	GlobalSection(SolutionProperties) = preSolution
		HideSolutionNode = FALSE
	EndGlobalSection
	GlobalSection(ExtensibilityGlobals) = postSolution
		SolutionGuid = {BA83A7C9-E6D7-4F78-8C99-6E60BFA33709}
	EndGlobalSection
EndGlobal
